
Microsoft Visual Studio Solution File, Format Version 12.00
# Visual Studio 15
VisualStudioVersion = 15.0.28307.852
MinimumVisualStudioVersion = 10.0.40219.1
Project("{FAE04EC0-301F-11D3-BF4B-00C04F79EFBC}") = "WebApplication1_GITHUB_TEST", "WebApplication1_GITHUB_TEST\WebApplication1_GITHUB_TEST.csproj", "{6735D334-81BA-4540-B37F-01F86C64335F}"
EndProject
Global
	GlobalSection(SolutionConfigurationPlatforms) = preSolution
		Debug|Any CPU = Debug|Any CPU
		Release|Any CPU = Release|Any CPU
	EndGlobalSection
	GlobalSection(ProjectConfigurationPlatforms) = postSolution
		{6735D334-81BA-4540-B37F-01F86C64335F}.Debug|Any CPU.ActiveCfg = Debug|Any CPU
		{6735D334-81BA-4540-B37F-01F86C64335F}.Debug|Any CPU.Build.0 = Debug|Any CPU
		{6735D334-81BA-4540-B37F-01F86C64335F}.Release|Any CPU.ActiveCfg = Release|Any CPU
		{6735D334-81BA-4540-B37F-01F86C64335F}.Release|Any CPU.Build.0 = Release|Any CPU
	EndGlobalSection
	GlobalSection(SolutionProperties) = preSolution
		HideSolutionNode = FALSE
	EndGlobalSection
	GlobalSection(ExtensibilityGlobals) = postSolution
		SolutionGuid = {00FB422B-72D6-4C59-93E6-A16A4CA8DE46}
	EndGlobalSection
EndGlobal
